
Microsoft Visual Studio Solution File, Format Version 12.00
# Visual Studio Version 16
VisualStudioVersion = 16.0.31702.278
MinimumVisualStudioVersion = 10.0.40219.1
Project("{2150E333-8FDC-42A3-9474-1A3956D46DE8}") = "Common", "Common", "{CD5B2379-59C3-43FD-B2EB-1D9EA8D12097}"
EndProject
Project("{2150E333-8FDC-42A3-9474-1A3956D46DE8}") = "Payment", "Payment", "{E1F6F4F5-E4B2-4765-8659-23F2B93F8FF9}"
EndProject
Project("{2150E333-8FDC-42A3-9474-1A3956D46DE8}") = "UserManagement", "UserManagement", "{9004F2F5-C3B0-4A8E-8C9F-28266F76083D}"
EndProject
Project("{9A19103F-16F7-4668-BE54-9A1E7A4F7556}") = "Common.DataAccess.Utilities", "_Common\Common.DataAccess\Common.DataAccess.Utilities.csproj", "{38196EC9-BC91-4074-A80A-89C7785F60D9}"
EndProject
Project("{9A19103F-16F7-4668-BE54-9A1E7A4F7556}") = "MailSender", "_Common\MailSender\MailSender.csproj", "{253841E7-92BC-466F-A82F-AF2F7418305F}"
EndProject
Project("{9A19103F-16F7-4668-BE54-9A1E7A4F7556}") = "Utilities", "_Common\Utilities\Utilities.csproj", "{CB965AA2-964B-419D-9555-958E84436F02}"
EndProject
Project("{9A19103F-16F7-4668-BE54-9A1E7A4F7556}") = "PaymentStripe", "_Payment\PaymentStripe\PaymentStripe.csproj", "{25AB574B-9530-4297-95AA-05D6B172F3F2}"
EndProject
Project("{9A19103F-16F7-4668-BE54-9A1E7A4F7556}") = "Payment.DataAccess", "_Payment\Payment.DataAccess\Payment.DataAccess.csproj", "{568B08CC-7040-4229-B2F9-B466EE57A87B}"
EndProject
Project("{9A19103F-16F7-4668-BE54-9A1E7A4F7556}") = "UserManagement.DataAccess", "_UserManagement\UserManagement.DataAccess\UserManagement.DataAccess.csproj", "{7D2E70CE-C4CE-419E-8898-5ABACD6B10B3}"
EndProject
Project("{9A19103F-16F7-4668-BE54-9A1E7A4F7556}") = "Domain.BusinessLogic", "Domain.BusinessLogic\Domain.BusinessLogic.csproj", "{24C24674-0623-4A21-8110-1F78D4D091C6}"
EndProject
Project("{9A19103F-16F7-4668-BE54-9A1E7A4F7556}") = "WebApi", "WebApi\WebApi.csproj", "{A16264E8-0379-469F-A12B-24E090D4F86E}"
EndProject
Project("{9A19103F-16F7-4668-BE54-9A1E7A4F7556}") = "Domain.DataAccess", "Domain.DataAccess\Domain.DataAccess.csproj", "{72F8DBF1-0595-4BBA-B1C5-AF9643C49716}"
EndProject
Project("{FAE04EC0-301F-11D3-BF4B-00C04F79EFBC}") = "Domain.Repository", "Domain.Repository\Domain.Repository.csproj", "{0A6B24D5-A955-427F-92E4-CE636620DE91}"
EndProject
Project("{2150E333-8FDC-42A3-9474-1A3956D46DE8}") = "FileManagement", "FileManagement", "{30F48AB9-118E-477D-9C23-1431B53172D0}"
EndProject
Project("{FAE04EC0-301F-11D3-BF4B-00C04F79EFBC}") = "FileManagement.Utilities", "FileManagement.Utilities\FileManagement.Utilities.csproj", "{BAA74B7F-B25B-48D2-A1F8-3A9A663303E4}"
EndProject
Project("{9A19103F-16F7-4668-BE54-9A1E7A4F7556}") = "FileManagement.DataAccess", "FileManagement.DataAccess\FileManagement.DataAccess.csproj", "{1101BB83-8EB8-4DBE-AD52-F9EE72228AAD}"
EndProject
Global
	GlobalSection(SolutionConfigurationPlatforms) = preSolution
		Debug|Any CPU = Debug|Any CPU
		Release|Any CPU = Release|Any CPU
	EndGlobalSection
	GlobalSection(ProjectConfigurationPlatforms) = postSolution
		{38196EC9-BC91-4074-A80A-89C7785F60D9}.Debug|Any CPU.ActiveCfg = Debug|Any CPU
		{38196EC9-BC91-4074-A80A-89C7785F60D9}.Debug|Any CPU.Build.0 = Debug|Any CPU
		{38196EC9-BC91-4074-A80A-89C7785F60D9}.Release|Any CPU.ActiveCfg = Release|Any CPU
		{38196EC9-BC91-4074-A80A-89C7785F60D9}.Release|Any CPU.Build.0 = Release|Any CPU
		{253841E7-92BC-466F-A82F-AF2F7418305F}.Debug|Any CPU.ActiveCfg = Debug|Any CPU
		{253841E7-92BC-466F-A82F-AF2F7418305F}.Debug|Any CPU.Build.0 = Debug|Any CPU
		{253841E7-92BC-466F-A82F-AF2F7418305F}.Release|Any CPU.ActiveCfg = Release|Any CPU
		{253841E7-92BC-466F-A82F-AF2F7418305F}.Release|Any CPU.Build.0 = Release|Any CPU
		{CB965AA2-964B-419D-9555-958E84436F02}.Debug|Any CPU.ActiveCfg = Debug|Any CPU
		{CB965AA2-964B-419D-9555-958E84436F02}.Debug|Any CPU.Build.0 = Debug|Any CPU
		{CB965AA2-964B-419D-9555-958E84436F02}.Release|Any CPU.ActiveCfg = Release|Any CPU
		{CB965AA2-964B-419D-9555-958E84436F02}.Release|Any CPU.Build.0 = Release|Any CPU
		{25AB574B-9530-4297-95AA-05D6B172F3F2}.Debug|Any CPU.ActiveCfg = Debug|Any CPU
		{25AB574B-9530-4297-95AA-05D6B172F3F2}.Debug|Any CPU.Build.0 = Debug|Any CPU
		{25AB574B-9530-4297-95AA-05D6B172F3F2}.Release|Any CPU.ActiveCfg = Release|Any CPU
		{25AB574B-9530-4297-95AA-05D6B172F3F2}.Release|Any CPU.Build.0 = Release|Any CPU
		{568B08CC-7040-4229-B2F9-B466EE57A87B}.Debug|Any CPU.ActiveCfg = Debug|Any CPU
		{568B08CC-7040-4229-B2F9-B466EE57A87B}.Debug|Any CPU.Build.0 = Debug|Any CPU
		{568B08CC-7040-4229-B2F9-B466EE57A87B}.Release|Any CPU.ActiveCfg = Release|Any CPU
		{568B08CC-7040-4229-B2F9-B466EE57A87B}.Release|Any CPU.Build.0 = Release|Any CPU
		{7D2E70CE-C4CE-419E-8898-5ABACD6B10B3}.Debug|Any CPU.ActiveCfg = Debug|Any CPU
		{7D2E70CE-C4CE-419E-8898-5ABACD6B10B3}.Debug|Any CPU.Build.0 = Debug|Any CPU
		{7D2E70CE-C4CE-419E-8898-5ABACD6B10B3}.Release|Any CPU.ActiveCfg = Release|Any CPU
		{7D2E70CE-C4CE-419E-8898-5ABACD6B10B3}.Release|Any CPU.Build.0 = Release|Any CPU
		{24C24674-0623-4A21-8110-1F78D4D091C6}.Debug|Any CPU.ActiveCfg = Debug|Any CPU
		{24C24674-0623-4A21-8110-1F78D4D091C6}.Debug|Any CPU.Build.0 = Debug|Any CPU
		{24C24674-0623-4A21-8110-1F78D4D091C6}.Release|Any CPU.ActiveCfg = Release|Any CPU
		{24C24674-0623-4A21-8110-1F78D4D091C6}.Release|Any CPU.Build.0 = Release|Any CPU
		{A16264E8-0379-469F-A12B-24E090D4F86E}.Debug|Any CPU.ActiveCfg = Debug|Any CPU
		{A16264E8-0379-469F-A12B-24E090D4F86E}.Debug|Any CPU.Build.0 = Debug|Any CPU
		{A16264E8-0379-469F-A12B-24E090D4F86E}.Release|Any CPU.ActiveCfg = Release|Any CPU
		{A16264E8-0379-469F-A12B-24E090D4F86E}.Release|Any CPU.Build.0 = Release|Any CPU
		{72F8DBF1-0595-4BBA-B1C5-AF9643C49716}.Debug|Any CPU.ActiveCfg = Debug|Any CPU
		{72F8DBF1-0595-4BBA-B1C5-AF9643C49716}.Debug|Any CPU.Build.0 = Debug|Any CPU
		{72F8DBF1-0595-4BBA-B1C5-AF9643C49716}.Release|Any CPU.ActiveCfg = Release|Any CPU
		{72F8DBF1-0595-4BBA-B1C5-AF9643C49716}.Release|Any CPU.Build.0 = Release|Any CPU
		{0A6B24D5-A955-427F-92E4-CE636620DE91}.Debug|Any CPU.ActiveCfg = Debug|Any CPU
		{0A6B24D5-A955-427F-92E4-CE636620DE91}.Debug|Any CPU.Build.0 = Debug|Any CPU
		{0A6B24D5-A955-427F-92E4-CE636620DE91}.Release|Any CPU.ActiveCfg = Release|Any CPU
		{0A6B24D5-A955-427F-92E4-CE636620DE91}.Release|Any CPU.Build.0 = Release|Any CPU
		{BAA74B7F-B25B-48D2-A1F8-3A9A663303E4}.Debug|Any CPU.ActiveCfg = Debug|Any CPU
		{BAA74B7F-B25B-48D2-A1F8-3A9A663303E4}.Debug|Any CPU.Build.0 = Debug|Any CPU
		{BAA74B7F-B25B-48D2-A1F8-3A9A663303E4}.Release|Any CPU.ActiveCfg = Release|Any CPU
		{BAA74B7F-B25B-48D2-A1F8-3A9A663303E4}.Release|Any CPU.Build.0 = Release|Any CPU
		{1101BB83-8EB8-4DBE-AD52-F9EE72228AAD}.Debug|Any CPU.ActiveCfg = Debug|Any CPU
		{1101BB83-8EB8-4DBE-AD52-F9EE72228AAD}.Debug|Any CPU.Build.0 = Debug|Any CPU
		{1101BB83-8EB8-4DBE-AD52-F9EE72228AAD}.Release|Any CPU.ActiveCfg = Release|Any CPU
		{1101BB83-8EB8-4DBE-AD52-F9EE72228AAD}.Release|Any CPU.Build.0 = Release|Any CPU
	EndGlobalSection
	GlobalSection(SolutionProperties) = preSolution
		HideSolutionNode = FALSE
	EndGlobalSection
	GlobalSection(NestedProjects) = preSolution
		{38196EC9-BC91-4074-A80A-89C7785F60D9} = {CD5B2379-59C3-43FD-B2EB-1D9EA8D12097}
		{253841E7-92BC-466F-A82F-AF2F7418305F} = {CD5B2379-59C3-43FD-B2EB-1D9EA8D12097}
		{CB965AA2-964B-419D-9555-958E84436F02} = {CD5B2379-59C3-43FD-B2EB-1D9EA8D12097}
		{25AB574B-9530-4297-95AA-05D6B172F3F2} = {E1F6F4F5-E4B2-4765-8659-23F2B93F8FF9}
		{568B08CC-7040-4229-B2F9-B466EE57A87B} = {E1F6F4F5-E4B2-4765-8659-23F2B93F8FF9}
		{7D2E70CE-C4CE-419E-8898-5ABACD6B10B3} = {9004F2F5-C3B0-4A8E-8C9F-28266F76083D}
		{BAA74B7F-B25B-48D2-A1F8-3A9A663303E4} = {30F48AB9-118E-477D-9C23-1431B53172D0}
		{1101BB83-8EB8-4DBE-AD52-F9EE72228AAD} = {30F48AB9-118E-477D-9C23-1431B53172D0}
	EndGlobalSection
	GlobalSection(ExtensibilityGlobals) = postSolution
		SolutionGuid = {21947E42-98CB-4539-A572-DB5DB9ACE21E}
	EndGlobalSection
EndGlobal
